
Microsoft Visual Studio Solution File, Format Version 12.00
# Visual Studio 2013
VisualStudioVersion = 12.0.30501.0
MinimumVisualStudioVersion = 10.0.40219.1
Project("{FAE04EC0-301F-11D3-BF4B-00C04F79EFBC}") = "Demo.Web.Utility", "Demo.Web.Utility\Demo.Web.Utility.csproj", "{47B0A32B-1FA5-4D2D-8BC7-2EFA5330B93A}"
EndProject
Project("{FAE04EC0-301F-11D3-BF4B-00C04F79EFBC}") = "Demo.Web.Portal", "Demo.Web.Portal\Demo.Web.Portal.csproj", "{EB5C2431-616D-4CFE-B755-16CB54F12214}"
EndProject
Project("{FAE04EC0-301F-11D3-BF4B-00C04F79EFBC}") = "Demo.Service", "Demo.Service\Demo.Service.csproj", "{C4CE956F-28B0-4F62-BBCE-3DC118BE52B1}"
EndProject
Project("{FAE04EC0-301F-11D3-BF4B-00C04F79EFBC}") = "Demo.Services.Models", "Demo.Services.Models\Demo.Services.Models.csproj", "{4AF4C1E8-1EA3-4A1B-877D-372D6C3EF793}"
EndProject
Project("{FAE04EC0-301F-11D3-BF4B-00C04F79EFBC}") = "Demo.Framework.Core", "Demo.Web.Framework\Demo.Framework.Core.csproj", "{ACDD03A9-1783-4A11-9CDC-57E6FF146C43}"
EndProject
Project("{FAE04EC0-301F-11D3-BF4B-00C04F79EFBC}") = "Demo.IService", "Demo.IService\Demo.IService.csproj", "{8612E735-26FB-4C1D-A7A7-3AAC4294FE43}"
EndProject
Project("{2150E333-8FDC-42A3-9474-1A3956D46DE8}") = "Services", "Services", "{E277A3F4-4D2B-45FF-BACA-44DD04EDDFB9}"
EndProject
Project("{2150E333-8FDC-42A3-9474-1A3956D46DE8}") = "Librarys", "Librarys", "{5D6B0328-EC36-48A1-B7E5-DF9357F4728C}"
EndProject
Project("{FAE04EC0-301F-11D3-BF4B-00C04F79EFBC}") = "Demo.Component", "Demo.Component\Demo.Component.csproj", "{B91B971B-82F5-45A6-9720-B1C4929657E9}"
EndProject
Project("{FAE04EC0-301F-11D3-BF4B-00C04F79EFBC}") = "Demo.Component.Entity", "Demo.Component.Entity\Demo.Component.Entity.csproj", "{C360C525-622D-48D3-B36F-C2B804493BAF}"
EndProject
Project("{FAE04EC0-301F-11D3-BF4B-00C04F79EFBC}") = "Dome.DataBase", "Dome.DataBase\Dome.DataBase.csproj", "{03A6FEE4-4E86-4062-B168-CDF599323106}"
EndProject
Project("{FAE04EC0-301F-11D3-BF4B-00C04F79EFBC}") = "Demo.Framework.Data", "Demo.Framework.Data\Demo.Framework.Data.csproj", "{5C85FF2A-B13C-44E1-AD89-03EC65322BD2}"
EndProject
Project("{2150E333-8FDC-42A3-9474-1A3956D46DE8}") = "Component", "Component", "{4E3C12FC-EE2E-4328-A639-94CB098AF334}"
EndProject
Project("{2150E333-8FDC-42A3-9474-1A3956D46DE8}") = "Data", "Data", "{9B9A11D0-AC7E-4544-8A77-E1895A57375F}"
EndProject
Project("{FAE04EC0-301F-11D3-BF4B-00C04F79EFBC}") = "Demo.Framework.Web", "Demo.Framework.Web\Demo.Framework.Web.csproj", "{A722F594-42DC-4738-B603-6D4EC10D6002}"
EndProject
Global
	GlobalSection(SolutionConfigurationPlatforms) = preSolution
		Debug|Any CPU = Debug|Any CPU
		Release|Any CPU = Release|Any CPU
	EndGlobalSection
	GlobalSection(ProjectConfigurationPlatforms) = postSolution
		{47B0A32B-1FA5-4D2D-8BC7-2EFA5330B93A}.Debug|Any CPU.ActiveCfg = Debug|Any CPU
		{47B0A32B-1FA5-4D2D-8BC7-2EFA5330B93A}.Debug|Any CPU.Build.0 = Debug|Any CPU
		{47B0A32B-1FA5-4D2D-8BC7-2EFA5330B93A}.Release|Any CPU.ActiveCfg = Release|Any CPU
		{47B0A32B-1FA5-4D2D-8BC7-2EFA5330B93A}.Release|Any CPU.Build.0 = Release|Any CPU
		{EB5C2431-616D-4CFE-B755-16CB54F12214}.Debug|Any CPU.ActiveCfg = Debug|Any CPU
		{EB5C2431-616D-4CFE-B755-16CB54F12214}.Debug|Any CPU.Build.0 = Debug|Any CPU
		{EB5C2431-616D-4CFE-B755-16CB54F12214}.Release|Any CPU.ActiveCfg = Release|Any CPU
		{EB5C2431-616D-4CFE-B755-16CB54F12214}.Release|Any CPU.Build.0 = Release|Any CPU
		{C4CE956F-28B0-4F62-BBCE-3DC118BE52B1}.Debug|Any CPU.ActiveCfg = Debug|Any CPU
		{C4CE956F-28B0-4F62-BBCE-3DC118BE52B1}.Debug|Any CPU.Build.0 = Debug|Any CPU
		{C4CE956F-28B0-4F62-BBCE-3DC118BE52B1}.Release|Any CPU.ActiveCfg = Release|Any CPU
		{C4CE956F-28B0-4F62-BBCE-3DC118BE52B1}.Release|Any CPU.Build.0 = Release|Any CPU
		{4AF4C1E8-1EA3-4A1B-877D-372D6C3EF793}.Debug|Any CPU.ActiveCfg = Debug|Any CPU
		{4AF4C1E8-1EA3-4A1B-877D-372D6C3EF793}.Debug|Any CPU.Build.0 = Debug|Any CPU
		{4AF4C1E8-1EA3-4A1B-877D-372D6C3EF793}.Release|Any CPU.ActiveCfg = Release|Any CPU
		{4AF4C1E8-1EA3-4A1B-877D-372D6C3EF793}.Release|Any CPU.Build.0 = Release|Any CPU
		{ACDD03A9-1783-4A11-9CDC-57E6FF146C43}.Debug|Any CPU.ActiveCfg = Debug|Any CPU
		{ACDD03A9-1783-4A11-9CDC-57E6FF146C43}.Debug|Any CPU.Build.0 = Debug|Any CPU
		{ACDD03A9-1783-4A11-9CDC-57E6FF146C43}.Release|Any CPU.ActiveCfg = Release|Any CPU
		{ACDD03A9-1783-4A11-9CDC-57E6FF146C43}.Release|Any CPU.Build.0 = Release|Any CPU
		{8612E735-26FB-4C1D-A7A7-3AAC4294FE43}.Debug|Any CPU.ActiveCfg = Debug|Any CPU
		{8612E735-26FB-4C1D-A7A7-3AAC4294FE43}.Debug|Any CPU.Build.0 = Debug|Any CPU
		{8612E735-26FB-4C1D-A7A7-3AAC4294FE43}.Release|Any CPU.ActiveCfg = Release|Any CPU
		{8612E735-26FB-4C1D-A7A7-3AAC4294FE43}.Release|Any CPU.Build.0 = Release|Any CPU
		{B91B971B-82F5-45A6-9720-B1C4929657E9}.Debug|Any CPU.ActiveCfg = Debug|Any CPU
		{B91B971B-82F5-45A6-9720-B1C4929657E9}.Debug|Any CPU.Build.0 = Debug|Any CPU
		{B91B971B-82F5-45A6-9720-B1C4929657E9}.Release|Any CPU.ActiveCfg = Release|Any CPU
		{B91B971B-82F5-45A6-9720-B1C4929657E9}.Release|Any CPU.Build.0 = Release|Any CPU
		{C360C525-622D-48D3-B36F-C2B804493BAF}.Debug|Any CPU.ActiveCfg = Debug|Any CPU
		{C360C525-622D-48D3-B36F-C2B804493BAF}.Debug|Any CPU.Build.0 = Debug|Any CPU
		{C360C525-622D-48D3-B36F-C2B804493BAF}.Release|Any CPU.ActiveCfg = Release|Any CPU
		{C360C525-622D-48D3-B36F-C2B804493BAF}.Release|Any CPU.Build.0 = Release|Any CPU
		{03A6FEE4-4E86-4062-B168-CDF599323106}.Debug|Any CPU.ActiveCfg = Debug|Any CPU
		{03A6FEE4-4E86-4062-B168-CDF599323106}.Debug|Any CPU.Build.0 = Debug|Any CPU
		{03A6FEE4-4E86-4062-B168-CDF599323106}.Release|Any CPU.ActiveCfg = Release|Any CPU
		{03A6FEE4-4E86-4062-B168-CDF599323106}.Release|Any CPU.Build.0 = Release|Any CPU
		{5C85FF2A-B13C-44E1-AD89-03EC65322BD2}.Debug|Any CPU.ActiveCfg = Debug|Any CPU
		{5C85FF2A-B13C-44E1-AD89-03EC65322BD2}.Debug|Any CPU.Build.0 = Debug|Any CPU
		{5C85FF2A-B13C-44E1-AD89-03EC65322BD2}.Release|Any CPU.ActiveCfg = Release|Any CPU
		{5C85FF2A-B13C-44E1-AD89-03EC65322BD2}.Release|Any CPU.Build.0 = Release|Any CPU
		{A722F594-42DC-4738-B603-6D4EC10D6002}.Debug|Any CPU.ActiveCfg = Debug|Any CPU
		{A722F594-42DC-4738-B603-6D4EC10D6002}.Debug|Any CPU.Build.0 = Debug|Any CPU
		{A722F594-42DC-4738-B603-6D4EC10D6002}.Release|Any CPU.ActiveCfg = Release|Any CPU
		{A722F594-42DC-4738-B603-6D4EC10D6002}.Release|Any CPU.Build.0 = Release|Any CPU
	EndGlobalSection
	GlobalSection(SolutionProperties) = preSolution
		HideSolutionNode = FALSE
	EndGlobalSection
	GlobalSection(NestedProjects) = preSolution
		{C4CE956F-28B0-4F62-BBCE-3DC118BE52B1} = {E277A3F4-4D2B-45FF-BACA-44DD04EDDFB9}
		{4AF4C1E8-1EA3-4A1B-877D-372D6C3EF793} = {E277A3F4-4D2B-45FF-BACA-44DD04EDDFB9}
		{ACDD03A9-1783-4A11-9CDC-57E6FF146C43} = {5D6B0328-EC36-48A1-B7E5-DF9357F4728C}
		{8612E735-26FB-4C1D-A7A7-3AAC4294FE43} = {E277A3F4-4D2B-45FF-BACA-44DD04EDDFB9}
		{B91B971B-82F5-45A6-9720-B1C4929657E9} = {4E3C12FC-EE2E-4328-A639-94CB098AF334}
		{C360C525-622D-48D3-B36F-C2B804493BAF} = {4E3C12FC-EE2E-4328-A639-94CB098AF334}
		{03A6FEE4-4E86-4062-B168-CDF599323106} = {9B9A11D0-AC7E-4544-8A77-E1895A57375F}
		{5C85FF2A-B13C-44E1-AD89-03EC65322BD2} = {5D6B0328-EC36-48A1-B7E5-DF9357F4728C}
		{A722F594-42DC-4738-B603-6D4EC10D6002} = {5D6B0328-EC36-48A1-B7E5-DF9357F4728C}
	EndGlobalSection
EndGlobal
