
Microsoft Visual Studio Solution File, Format Version 12.00
# Visual Studio 2013
VisualStudioVersion = 12.0.30501.0
MinimumVisualStudioVersion = 10.0.40219.1
Project("{FAE04EC0-301F-11D3-BF4B-00C04F79EFBC}") = "Demo.Web.Utility", "Demo.Web.Utility\Demo.Web.Utility.csproj", "{47B0A32B-1FA5-4D2D-8BC7-2EFA5330B93A}"
EndProject
Project("{FAE04EC0-301F-11D3-BF4B-00C04F79EFBC}") = "Demo.Based", "Demo.Based\Demo.Based.csproj", "{39712A96-9A0E-44B7-842E-942F48AE9DD8}"
EndProject
Project("{FAE04EC0-301F-11D3-BF4B-00C04F79EFBC}") = "Demo.Web.Portal", "Demo.Web.Portal\Demo.Web.Portal.csproj", "{EB5C2431-616D-4CFE-B755-16CB54F12214}"
EndProject
Project("{FAE04EC0-301F-11D3-BF4B-00C04F79EFBC}") = "Demo.Service", "Demo.Service\Demo.Service.csproj", "{C4CE956F-28B0-4F62-BBCE-3DC118BE52B1}"
EndProject
Project("{FAE04EC0-301F-11D3-BF4B-00C04F79EFBC}") = "Demo.Core", "Demo.Core\Demo.Core.csproj", "{3A1D28B4-C4F0-4946-B25E-525DCCC8E598}"
EndProject
Project("{FAE04EC0-301F-11D3-BF4B-00C04F79EFBC}") = "Demo.Services.Models", "Demo.Services.Models\Demo.Services.Models.csproj", "{4AF4C1E8-1EA3-4A1B-877D-372D6C3EF793}"
EndProject
Project("{FAE04EC0-301F-11D3-BF4B-00C04F79EFBC}") = "Demo.Web.Framework", "Demo.Web.Framework\Demo.Web.Framework.csproj", "{ACDD03A9-1783-4A11-9CDC-57E6FF146C43}"
EndProject
Project("{FAE04EC0-301F-11D3-BF4B-00C04F79EFBC}") = "Demo.Redis", "Demo.Redis\Demo.Redis.csproj", "{82AEA4AA-339C-4ADF-BD33-82C1F0AC8B68}"
EndProject
Project("{FAE04EC0-301F-11D3-BF4B-00C04F79EFBC}") = "Redis.Test", "Redis.Test\Redis.Test.csproj", "{25FB51B0-7AEA-4202-B9C9-D037A73FB709}"
EndProject
Project("{FAE04EC0-301F-11D3-BF4B-00C04F79EFBC}") = "Demo.IService", "Demo.IService\Demo.IService.csproj", "{8612E735-26FB-4C1D-A7A7-3AAC4294FE43}"
EndProject
Global
	GlobalSection(SolutionConfigurationPlatforms) = preSolution
		Debug|Any CPU = Debug|Any CPU
		Release|Any CPU = Release|Any CPU
	EndGlobalSection
	GlobalSection(ProjectConfigurationPlatforms) = postSolution
		{47B0A32B-1FA5-4D2D-8BC7-2EFA5330B93A}.Debug|Any CPU.ActiveCfg = Debug|Any CPU
		{47B0A32B-1FA5-4D2D-8BC7-2EFA5330B93A}.Debug|Any CPU.Build.0 = Debug|Any CPU
		{47B0A32B-1FA5-4D2D-8BC7-2EFA5330B93A}.Release|Any CPU.ActiveCfg = Release|Any CPU
		{47B0A32B-1FA5-4D2D-8BC7-2EFA5330B93A}.Release|Any CPU.Build.0 = Release|Any CPU
		{39712A96-9A0E-44B7-842E-942F48AE9DD8}.Debug|Any CPU.ActiveCfg = Debug|Any CPU
		{39712A96-9A0E-44B7-842E-942F48AE9DD8}.Debug|Any CPU.Build.0 = Debug|Any CPU
		{39712A96-9A0E-44B7-842E-942F48AE9DD8}.Release|Any CPU.ActiveCfg = Release|Any CPU
		{39712A96-9A0E-44B7-842E-942F48AE9DD8}.Release|Any CPU.Build.0 = Release|Any CPU
		{EB5C2431-616D-4CFE-B755-16CB54F12214}.Debug|Any CPU.ActiveCfg = Debug|Any CPU
		{EB5C2431-616D-4CFE-B755-16CB54F12214}.Debug|Any CPU.Build.0 = Debug|Any CPU
		{EB5C2431-616D-4CFE-B755-16CB54F12214}.Release|Any CPU.ActiveCfg = Release|Any CPU
		{EB5C2431-616D-4CFE-B755-16CB54F12214}.Release|Any CPU.Build.0 = Release|Any CPU
		{C4CE956F-28B0-4F62-BBCE-3DC118BE52B1}.Debug|Any CPU.ActiveCfg = Debug|Any CPU
		{C4CE956F-28B0-4F62-BBCE-3DC118BE52B1}.Debug|Any CPU.Build.0 = Debug|Any CPU
		{C4CE956F-28B0-4F62-BBCE-3DC118BE52B1}.Release|Any CPU.ActiveCfg = Release|Any CPU
		{C4CE956F-28B0-4F62-BBCE-3DC118BE52B1}.Release|Any CPU.Build.0 = Release|Any CPU
		{3A1D28B4-C4F0-4946-B25E-525DCCC8E598}.Debug|Any CPU.ActiveCfg = Debug|Any CPU
		{3A1D28B4-C4F0-4946-B25E-525DCCC8E598}.Debug|Any CPU.Build.0 = Debug|Any CPU
		{3A1D28B4-C4F0-4946-B25E-525DCCC8E598}.Release|Any CPU.ActiveCfg = Release|Any CPU
		{3A1D28B4-C4F0-4946-B25E-525DCCC8E598}.Release|Any CPU.Build.0 = Release|Any CPU
		{4AF4C1E8-1EA3-4A1B-877D-372D6C3EF793}.Debug|Any CPU.ActiveCfg = Debug|Any CPU
		{4AF4C1E8-1EA3-4A1B-877D-372D6C3EF793}.Debug|Any CPU.Build.0 = Debug|Any CPU
		{4AF4C1E8-1EA3-4A1B-877D-372D6C3EF793}.Release|Any CPU.ActiveCfg = Release|Any CPU
		{4AF4C1E8-1EA3-4A1B-877D-372D6C3EF793}.Release|Any CPU.Build.0 = Release|Any CPU
		{ACDD03A9-1783-4A11-9CDC-57E6FF146C43}.Debug|Any CPU.ActiveCfg = Debug|Any CPU
		{ACDD03A9-1783-4A11-9CDC-57E6FF146C43}.Debug|Any CPU.Build.0 = Debug|Any CPU
		{ACDD03A9-1783-4A11-9CDC-57E6FF146C43}.Release|Any CPU.ActiveCfg = Release|Any CPU
		{ACDD03A9-1783-4A11-9CDC-57E6FF146C43}.Release|Any CPU.Build.0 = Release|Any CPU
		{82AEA4AA-339C-4ADF-BD33-82C1F0AC8B68}.Debug|Any CPU.ActiveCfg = Debug|Any CPU
		{82AEA4AA-339C-4ADF-BD33-82C1F0AC8B68}.Debug|Any CPU.Build.0 = Debug|Any CPU
		{82AEA4AA-339C-4ADF-BD33-82C1F0AC8B68}.Release|Any CPU.ActiveCfg = Release|Any CPU
		{82AEA4AA-339C-4ADF-BD33-82C1F0AC8B68}.Release|Any CPU.Build.0 = Release|Any CPU
		{25FB51B0-7AEA-4202-B9C9-D037A73FB709}.Debug|Any CPU.ActiveCfg = Debug|Any CPU
		{25FB51B0-7AEA-4202-B9C9-D037A73FB709}.Debug|Any CPU.Build.0 = Debug|Any CPU
		{25FB51B0-7AEA-4202-B9C9-D037A73FB709}.Release|Any CPU.ActiveCfg = Release|Any CPU
		{25FB51B0-7AEA-4202-B9C9-D037A73FB709}.Release|Any CPU.Build.0 = Release|Any CPU
		{8612E735-26FB-4C1D-A7A7-3AAC4294FE43}.Debug|Any CPU.ActiveCfg = Debug|Any CPU
		{8612E735-26FB-4C1D-A7A7-3AAC4294FE43}.Debug|Any CPU.Build.0 = Debug|Any CPU
		{8612E735-26FB-4C1D-A7A7-3AAC4294FE43}.Release|Any CPU.ActiveCfg = Release|Any CPU
		{8612E735-26FB-4C1D-A7A7-3AAC4294FE43}.Release|Any CPU.Build.0 = Release|Any CPU
	EndGlobalSection
	GlobalSection(SolutionProperties) = preSolution
		HideSolutionNode = FALSE
	EndGlobalSection
EndGlobal
